github.com/antlr/antlr4/runtime/Go/antlr/v4 v4.0.0-20230512164433-5d1fd1a340c9 h1:goHVqTbFX3AIo0tzGr14pgfAW2ZfPChKO21Z9MGf/gk=
github.com/antlr/antlr4/runtime/Go/antlr/v4 v4.0.0-20230512164433-5d1fd1a340c9/go.mod h1:pSwJ0fSY5KhvocuWSx4fz3BA8OrA1bQn+K1Eli3BRwM=
github.com/cstockton/go-conv v1.0.0 h1:zj/q/0MpQ/97XfiC9glWiohO8lhgR4TTnHYZifLTv6I=
github.com/cstockton/go-conv v1.0.0/go.mod h1:HuiHkkRgOA0IoBNPC7ysG7kNpjDYlgM7Kj62yQPxjy4=
github.com/davecgh/go-spew v1.1.1 h1:vj9j/u1bqnvCEfJOwUhtlOARqs3+rkHYY13jYWTU97c=
github.com/davecgh/go-spew v1.1.1/go.mod h1:J7Y8YcW2NihsgmVo/mv3lAwl/skON4iLHjSsI+c5H38=
github.com/kr/pretty v0.3.1 h1:flRD4NNwYAUpkphVc1HcthR4KEIFJ65n8Mw5qdRn3LE=
github.com/kr/text v0.2.0 h1:5Nx0Ya0ZqY2ygV366QzturHI13Jq95ApcVaJBhpS+AY=
github.com/kwilteam/action-grammar-go v0.0.1-0.20230926160920-472768e1186c h1:TAH/HIjj49I2v42ehDHjkQbnHkaYjvw8J1BpAZfmA4E=
github.com/kwilteam/action-grammar-go v0.0.1-0.20230926160920-472768e1186c/go.mod h1:2KYz1ittMk7BbKRJSnSnRSysrgDUUtNB1Ha47ZMdc6M=
github.com/kwilteam/sql-grammar-go v0.0.3-0.20230925230724-00685e1bac32 h1:NDMw+6BKSqLxFyfpbbCJNx8EOLB3+ugCUEnMpomXBeQ=
github.com/kwilteam/sql-grammar-go v0.0.3-0.20230925230724-00685e1bac32/go.mod h1:OqmGyCwHfBZvYv/sYPrQ5Ih290dhlD5AcKOHDlUSS0Y=
github.com/pmezard/go-difflib v1.0.0 h1:4DBwDE0NGyQoBHbLQYPwSUPoCMWR5BEzIk/f1lZbAQM=
github.com/pmezard/go-difflib v1.0.0/go.mod h1:iKH77koFhYxTK1pcRnkKkqfTogsbg7gZNVY4sRDYZ/4=
github.com/rogpeppe/go-internal v1.9.0 h1:73kH8U+JUqXU8lRuOHeVHaa/SZPifC7BkcraZVejAe8=
github.com/stretchr/testify v1.8.4 h1:CcVxjf3Q8PM0mHUKJCdn+eZZtm5yQwehR5yeSVQQcUk=
github.com/stretchr/testify v1.8.4/go.mod h1:sz/lmYIOXD/1dqDmKjjqLyZ2RngseejIcXlSw2iwfAo=
golang.org/x/exp v0.0.0-20230817173708-d852ddb80c63 h1:m64FZMko/V45gv0bNmrNYoDEq8U5YUhetc9cBWKS1TQ=
gopkg.in/check.v1 v0.0.0-20161208181325-20d25e280405/go.mod h1:Co6ibVJAznAaIkqp8huTwlJQCZ016jof/cbN4VW5Yz0=
gopkg.in/check.v1 v1.0.0-20201130134442-10cb98267c6c h1:Hei/4ADfdWqJk1ZMxUNpqntNwaWcugrBjAiHlqqRiVk=
gopkg.in/yaml.v3 v3.0.1 h1:fxVm/GzAzEWqLHuvctI91KS9hhNmmWOoWu0XTYJS7CA=
gopkg.in/yaml.v3 v3.0.1/go.mod h1:K4uyk7z7BCEPqu6E+C64Yfv1cQ7kz7rIZviUmN+EgEM=
